
Microsoft Visual Studio Solution File, Format Version 12.00
# Visual Studio Version 17
VisualStudioVersion = 17.10.35013.160
MinimumVisualStudioVersion = 10.0.40219.1
Project("{FAE04EC0-301F-11D3-BF4B-00C04F79EFBC}") = "TechChallenge", "TechChallenge\TechChallenge.csproj", "{EB661A07-76FD-484D-843A-04CC3F1C492B}"
EndProject
Project("{FAE04EC0-301F-11D3-BF4B-00C04F79EFBC}") = "TestProjectTechChallenge", "TestProjectTechChallenge\TestProjectTechChallenge.csproj", "{BAD324A7-50E7-4985-8E47-D2169A69C3A3}"
EndProject
Global
	GlobalSection(SolutionConfigurationPlatforms) = preSolution
		Debug|Any CPU = Debug|Any CPU
		Release|Any CPU = Release|Any CPU
	EndGlobalSection
	GlobalSection(ProjectConfigurationPlatforms) = postSolution
		{EB661A07-76FD-484D-843A-04CC3F1C492B}.Debug|Any CPU.ActiveCfg = Debug|Any CPU
		{EB661A07-76FD-484D-843A-04CC3F1C492B}.Debug|Any CPU.Build.0 = Debug|Any CPU
		{EB661A07-76FD-484D-843A-04CC3F1C492B}.Release|Any CPU.ActiveCfg = Release|Any CPU
		{EB661A07-76FD-484D-843A-04CC3F1C492B}.Release|Any CPU.Build.0 = Release|Any CPU
		{BAD324A7-50E7-4985-8E47-D2169A69C3A3}.Debug|Any CPU.ActiveCfg = Debug|Any CPU
		{BAD324A7-50E7-4985-8E47-D2169A69C3A3}.Debug|Any CPU.Build.0 = Debug|Any CPU
		{BAD324A7-50E7-4985-8E47-D2169A69C3A3}.Release|Any CPU.ActiveCfg = Release|Any CPU
		{BAD324A7-50E7-4985-8E47-D2169A69C3A3}.Release|Any CPU.Build.0 = Release|Any CPU
	EndGlobalSection
	GlobalSection(SolutionProperties) = preSolution
		HideSolutionNode = FALSE
	EndGlobalSection
	GlobalSection(ExtensibilityGlobals) = postSolution
		SolutionGuid = {5CEA3E4C-2DD7-4992-B950-187555EE050C}
	EndGlobalSection
EndGlobal
